PODS:
  - document_scanner (0.0.1):
    - Flutter
  - Flutter (1.0.0)
  - "permission_handler (5.0.1+1)":
    - Flutter

DEPENDENCIES:
  - document_scanner (from `.symlinks/plugins/document_scanner/ios`)
  - Flutter (from `Flutter`)
  - permission_handler (from `.symlinks/plugins/permission_handler/ios`)

EXTERNAL SOURCES:
  document_scanner:
    :path: ".symlinks/plugins/document_scanner/ios"
  Flutter:
    :path: Flutter
  permission_handler:
    :path: ".symlinks/plugins/permission_handler/ios"

SPEC CHECKSUMS:
  document_scanner: 3b9b9257ec9fe5d7e1f2e1e249c0dd101246d790
  Flutter: 434fef37c0980e73bb6479ef766c45957d4b510c
  permission_handler: eac8e15b4a1a3fba55b761d19f3f4e6b005d15b6

PODFILE CHECKSUM: 8e679eca47255a8ca8067c4c67aab20e64cb974d

COCOAPODS: 1.10.0
